
Microsoft Visual Studio Solution File, Format Version 12.00
# Visual Studio Version 17
VisualStudioVersion = 17.3.32922.545
MinimumVisualStudioVersion = 10.0.40219.1
Project("{FAE04EC0-301F-11D3-BF4B-00C04F79EFBC}") = "KooliProjekt", "KooliProjekt\KooliProjekt.csproj", "{B6064AB2-66AC-4896-9DFE-E8C97404F6E0}"
EndProject
Project("{FAE04EC0-301F-11D3-BF4B-00C04F79EFBC}") = "KooliProjekt.UnitTests", "KooliProjekt.UnitTests\KooliProjekt.UnitTests.csproj", "{A82EAFBB-74CB-409A-9C14-DB339ABE34EC}"
EndProject
Project("{FAE04EC0-301F-11D3-BF4B-00C04F79EFBC}") = "KooliProjekt.IntegrationTests", "KooliProjekt.IntegrationTests\KooliProjekt.IntegrationTests.csproj", "{3A7D9D29-425C-86E8-EECE-B666CE7CD094}"
EndProject
Project("{FAE04EC0-301F-11D3-BF4B-00C04F79EFBC}") = "WpfApp1", "WpfApp1\WpfApp1.csproj", "{427543B7-8BB3-4F0B-9840-F805667B45D3}"
EndProject
Project("{FAE04EC0-301F-11D3-BF4B-00C04F79EFBC}") = "KooliProjekt.WpfApp1.UnitTests", "KooliProjekt.WpfApp.UnitTests\KooliProjekt.WpfApp1.UnitTests.csproj", "{C6B1E271-01E0-42EB-B109-E1DE1C0B8172}"
EndProject
Global
	GlobalSection(SolutionConfigurationPlatforms) = preSolution
		Debug|Any CPU = Debug|Any CPU
		Release|Any CPU = Release|Any CPU
	EndGlobalSection
	GlobalSection(ProjectConfigurationPlatforms) = postSolution
		{B6064AB2-66AC-4896-9DFE-E8C97404F6E0}.Debug|Any CPU.ActiveCfg = Debug|Any CPU
		{B6064AB2-66AC-4896-9DFE-E8C97404F6E0}.Debug|Any CPU.Build.0 = Debug|Any CPU
		{B6064AB2-66AC-4896-9DFE-E8C97404F6E0}.Release|Any CPU.ActiveCfg = Release|Any CPU
		{B6064AB2-66AC-4896-9DFE-E8C97404F6E0}.Release|Any CPU.Build.0 = Release|Any CPU
		{A82EAFBB-74CB-409A-9C14-DB339ABE34EC}.Debug|Any CPU.ActiveCfg = Debug|Any CPU
		{A82EAFBB-74CB-409A-9C14-DB339ABE34EC}.Debug|Any CPU.Build.0 = Debug|Any CPU
		{A82EAFBB-74CB-409A-9C14-DB339ABE34EC}.Release|Any CPU.ActiveCfg = Release|Any CPU
		{A82EAFBB-74CB-409A-9C14-DB339ABE34EC}.Release|Any CPU.Build.0 = Release|Any CPU
		{3A7D9D29-425C-86E8-EECE-B666CE7CD094}.Debug|Any CPU.ActiveCfg = Debug|Any CPU
		{3A7D9D29-425C-86E8-EECE-B666CE7CD094}.Debug|Any CPU.Build.0 = Debug|Any CPU
		{3A7D9D29-425C-86E8-EECE-B666CE7CD094}.Release|Any CPU.ActiveCfg = Release|Any CPU
		{3A7D9D29-425C-86E8-EECE-B666CE7CD094}.Release|Any CPU.Build.0 = Release|Any CPU
		{427543B7-8BB3-4F0B-9840-F805667B45D3}.Debug|Any CPU.ActiveCfg = Debug|Any CPU
		{427543B7-8BB3-4F0B-9840-F805667B45D3}.Debug|Any CPU.Build.0 = Debug|Any CPU
		{427543B7-8BB3-4F0B-9840-F805667B45D3}.Release|Any CPU.ActiveCfg = Release|Any CPU
		{427543B7-8BB3-4F0B-9840-F805667B45D3}.Release|Any CPU.Build.0 = Release|Any CPU
		{C6B1E271-01E0-42EB-B109-E1DE1C0B8172}.Debug|Any CPU.ActiveCfg = Debug|Any CPU
		{C6B1E271-01E0-42EB-B109-E1DE1C0B8172}.Debug|Any CPU.Build.0 = Debug|Any CPU
		{C6B1E271-01E0-42EB-B109-E1DE1C0B8172}.Release|Any CPU.ActiveCfg = Release|Any CPU
		{C6B1E271-01E0-42EB-B109-E1DE1C0B8172}.Release|Any CPU.Build.0 = Release|Any CPU
	EndGlobalSection
	GlobalSection(SolutionProperties) = preSolution
		HideSolutionNode = FALSE
	EndGlobalSection
	GlobalSection(ExtensibilityGlobals) = postSolution
		SolutionGuid = {792456E2-8406-497C-97E7-7999439674C1}
	EndGlobalSection
EndGlobal
